
Microsoft Visual Studio Solution File, Format Version 12.00
# Visual Studio Version 16
VisualStudioVersion = 16.0.31729.503
MinimumVisualStudioVersion = 10.0.40219.1
Project("{9A19103F-16F7-4668-BE54-9A1E7A4F7556}") = "nbg.monetarypolicy.sdk", "nbg.monetarypolicy.sdk\nbg.monetarypolicy.sdk.csproj", "{9A3DB9C0-0CF8-47A6-997A-AD88773A4DB6}"
EndProject
Project("{9A19103F-16F7-4668-BE54-9A1E7A4F7556}") = "nbg.monetarypolicy.sdk.Tests", "nbg.monetarypolicy.sdk.Tests\nbg.monetarypolicy.sdk.Tests.csproj", "{93038CFE-E036-46F7-8CA3-80CEBEFB02FF}"
EndProject
Global
	GlobalSection(SolutionConfigurationPlatforms) = preSolution
		Debug|Any CPU = Debug|Any CPU
		Release|Any CPU = Release|Any CPU
	EndGlobalSection
	GlobalSection(ProjectConfigurationPlatforms) = postSolution
		{9A3DB9C0-0CF8-47A6-997A-AD88773A4DB6}.Debug|Any CPU.ActiveCfg = Debug|Any CPU
		{9A3DB9C0-0CF8-47A6-997A-AD88773A4DB6}.Debug|Any CPU.Build.0 = Debug|Any CPU
		{9A3DB9C0-0CF8-47A6-997A-AD88773A4DB6}.Release|Any CPU.ActiveCfg = Release|Any CPU
		{9A3DB9C0-0CF8-47A6-997A-AD88773A4DB6}.Release|Any CPU.Build.0 = Release|Any CPU
		{93038CFE-E036-46F7-8CA3-80CEBEFB02FF}.Debug|Any CPU.ActiveCfg = Debug|Any CPU
		{93038CFE-E036-46F7-8CA3-80CEBEFB02FF}.Debug|Any CPU.Build.0 = Debug|Any CPU
		{93038CFE-E036-46F7-8CA3-80CEBEFB02FF}.Release|Any CPU.ActiveCfg = Release|Any CPU
		{93038CFE-E036-46F7-8CA3-80CEBEFB02FF}.Release|Any CPU.Build.0 = Release|Any CPU
	EndGlobalSection
	GlobalSection(SolutionProperties) = preSolution
		HideSolutionNode = FALSE
	EndGlobalSection
	GlobalSection(ExtensibilityGlobals) = postSolution
		SolutionGuid = {2E5E107D-35B4-4495-A7A0-354C11C2B2DB}
	EndGlobalSection
EndGlobal
